// !$*UTF8*$!
{
	archiveVersion = 1;
	classes = {
	};
	objectVersion = 46;
	objects = {

/* Begin PBXBuildFile section */
		6A4B391F1DDEF63F003C1969 /* Edge.cpp in Sources */ = {isa = PBXBuildFile; fileRef = 6A4B391D1DDEF63F003C1969 /* Edge.cpp */; };
		6A91252D1DDEEC1700C482E6 /* ListUDG.cpp in Sources */ = {isa = PBXBuildFile; fileRef = 6A91252B1DDEEC1700C482E6 /* ListUDG.cpp */; };
		6A9125301DDEECE400C482E6 /* Vertex.cpp in Sources */ = {isa = PBXBuildFile; fileRef = 6A91252E1DDEECE400C482E6 /* Vertex.cpp */; };
		6AE7873A1DDEA7B800ADE470 /* main.cpp in Sources */ = {isa = PBXBuildFile; fileRef = 6AE787391DDEA7B800ADE470 /* main.cpp */; };
/* End PBXBuildFile section */

/* Begin PBXCopyFilesBuildPhase section */
		6AE787341DDEA7B800ADE470 /* CopyFiles */ = {
			isa = PBXCopyFilesBuildPhase;
			buildActionMask = 2147483647;
			dstPath = /usr/share/man/man1/;
			dstSubfolderSpec = 0;
			files = (
			);
			runOnlyForDeploymentPostprocessing = 1;
		};
/* End PBXCopyFilesBuildPhase section */

/* Begin PBXFileReference section */
		6A4B391D1DDEF63F003C1969 /* Edge.cpp */ = {isa = PBXFileReference; fileEncoding = 4; lastKnownFileType = sourcecode.cpp.cpp; path = Edge.cpp; sourceTree = "<group>"; };
		6A4B391E1DDEF63F003C1969 /* Edge.hpp */ = {isa = PBXFileReference; fileEncoding = 4; lastKnownFileType = sourcecode.cpp.h; path = Edge.hpp; sourceTree = "<group>"; };
		6A91252B1DDEEC1700C482E6 /* ListUDG.cpp */ = {isa = PBXFileReference; fileEncoding = 4; lastKnownFileType = sourcecode.cpp.cpp; path = ListUDG.cpp; sourceTree = "<group>"; };
		6A91252C1DDEEC1700C482E6 /* ListUDG.hpp */ = {isa = PBXFileReference; fileEncoding = 4; lastKnownFileType = sourcecode.cpp.h; path = ListUDG.hpp; sourceTree = "<group>"; };
		6A91252E1DDEECE400C482E6 /* Vertex.cpp */ = {isa = PBXFileReference; fileEncoding = 4; lastKnownFileType = sourcecode.cpp.cpp; path = Vertex.cpp; sourceTree = "<group>"; };
		6A91252F1DDEECE400C482E6 /* Vertex.hpp */ = {isa = PBXFileReference; fileEncoding = 4; lastKnownFileType = sourcecode.cpp.h; path = Vertex.hpp; sourceTree = "<group>"; };
		6AE787361DDEA7B800ADE470 /* NTScenicSystem */ = {isa = PBXFileReference; explicitFileType = "compiled.mach-o.executable"; includeInIndex = 0; path = NTScenicSystem; sourceTree = BUILT_PRODUCTS_DIR; };
		6AE787391DDEA7B800ADE470 /* main.cpp */ = {isa = PBXFileReference; lastKnownFileType = sourcecode.cpp.cpp; path = main.cpp; sourceTree = "<group>"; };
/* End PBXFileReference section */

/* Begin PBXFrameworksBuildPhase section */
		6AE787331DDEA7B800ADE470 /* Frameworks */ = {
			isa = PBXFrameworksBuildPhase;
			buildActionMask = 2147483647;
			files = (
			);
			runOnlyForDeploymentPostprocessing = 0;
		};
/* End PBXFrameworksBuildPhase section */

/* Begin PBXGroup section */
		6AE7872D1DDEA7B800ADE470 = {
			isa = PBXGroup;
			children = (
				6AE787381DDEA7B800ADE470 /* NTScenicSystem */,
				6AE787371DDEA7B800ADE470 /* Products */,
			);
			sourceTree = "<group>";
		};
		6AE787371DDEA7B800ADE470 /* Products */ = {
			isa = PBXGroup;
			children = (
				6AE787361DDEA7B800ADE470 /* NTScenicSystem */,
			);
			name = Products;
			sourceTree = "<group>";
		};
		6AE787381DDEA7B800ADE470 /* NTScenicSystem */ = {
			isa = PBXGroup;
			children = (
				6AE787391DDEA7B800ADE470 /* main.cpp */,
				6A91252B1DDEEC1700C482E6 /* ListUDG.cpp */,
				6A91252C1DDEEC1700C482E6 /* ListUDG.hpp */,
				6A91252E1DDEECE400C482E6 /* Vertex.cpp */,
				6A91252F1DDEECE400C482E6 /* Vertex.hpp */,
				6A4B391D1DDEF63F003C1969 /* Edge.cpp */,
				6A4B391E1DDEF63F003C1969 /* Edge.hpp */,
			);
			path = NTScenicSystem;
			sourceTree = "<group>";
		};
/* End PBXGroup section */

/* Begin PBXNativeTarget section */
		6AE787351DDEA7B800ADE470 /* NTScenicSystem */ = {
			isa = PBXNativeTarget;
			buildConfigurationList = 6AE7873D1DDEA7B800ADE470 /* Build configuration list for PBXNativeTarget "NTScenicSystem" */;
			buildPhases = (
				6AE787321DDEA7B800ADE470 /* Sources */,
				6AE787331DDEA7B800ADE470 /* Frameworks */,
				6AE787341DDEA7B800ADE470 /* CopyFiles */,
			);
			buildRules = (
			);
			dependencies = (
			);
			name = NTScenicSystem;
			productName = NTScenicSystem;
			productReference = 6AE787361DDEA7B800ADE470 /* NTScenicSystem */;
			productType = "com.apple.product-type.tool";
		};
/* End PBXNativeTarget section */

/* Begin PBXProject section */
		6AE7872E1DDEA7B800ADE470 /* Project object */ = {
			isa = PBXProject;
			attributes = {
				LastUpgradeCheck = 0800;
				ORGANIZATIONNAME = Nineteen;
				TargetAttributes = {
					6AE787351DDEA7B800ADE470 = {
						CreatedOnToolsVersion = 8.0;
						ProvisioningStyle = Automatic;
					};
				};
			};
			buildConfigurationList = 6AE787311DDEA7B800ADE470 /* Build configuration list for PBXProject "NTScenicSystem" */;
			compatibilityVersion = "Xcode 3.2";
			developmentRegion = English;
			hasScannedForEncodings = 0;
			knownRegions = (
				en,
			);
			mainGroup = 6AE7872D1DDEA7B800ADE470;
			productRefGroup = 6AE787371DDEA7B800ADE470 /* Products */;
			projectDirPath = "";
			projectRoot = "";
			targets = (
				6AE787351DDEA7B800ADE470 /* NTScenicSystem */,
			);
		};
/* End PBXProject section */

/* Begin PBXSourcesBuildPhase section */
		6AE787321DDEA7B800ADE470 /* Sources */ = {
			isa = PBXSourcesBuildPhase;
			buildActionMask = 2147483647;
			files = (
				6A9125301DDEECE400C482E6 /* Vertex.cpp in Sources */,
				6A91252D1DDEEC1700C482E6 /* ListUDG.cpp in Sources */,
				6A4B391F1DDEF63F003C1969 /* Edge.cpp in Sources */,
				6AE7873A1DDEA7B800ADE470 /* main.cpp in Sources */,
			);
			runOnlyForDeploymentPostprocessing = 0;
		};
/* End PBXSourcesBuildPhase section */

/* Begin XCBuildConfiguration section */
		6AE7873B1DDEA7B800ADE470 /* Debug */ = {
			isa = XCBuildConfiguration;
			buildSettings = {
				ALWAYS_SEARCH_USER_PATHS = NO;
				CLANG_ANALYZER_NONNULL = YES;
				CLANG_CXX_LANGUAGE_STANDARD = "gnu++0x";
				CLANG_CXX_LIBRARY = "libc++";
				CLANG_ENABLE_MODULES = YES;
				CLANG_ENABLE_OBJC_ARC = YES;
				CLANG_WARN_BOOL_CONVERSION = YES;
				CLANG_WARN_CONSTANT_CONVERSION = YES;
				CLANG_WARN_DIRECT_OBJC_ISA_USAGE = YES_ERROR;
				CLANG_WARN_DOCUMENTATION_COMMENTS = YES;
				CLANG_WARN_EMPTY_BODY = YES;
				CLANG_WARN_ENUM_CONVERSION = YES;
				CLANG_WARN_INFINITE_RECURSION = YES;
				CLANG_WARN_INT_CONVERSION = YES;
				CLANG_WARN_OBJC_ROOT_CLASS = YES_ERROR;
				CLANG_WARN_SUSPICIOUS_MOVES = YES;
				CLANG_WARN_UNREACHABLE_CODE = YES;
				CLANG_WARN__DUPLICATE_METHOD_MATCH = YES;
				CODE_SIGN_IDENTITY = "-";
				COPY_PHASE_STRIP = NO;
				DEBUG_INFORMATION_FORMAT = dwarf;
				ENABLE_STRICT_OBJC_MSGSEND = YES;
				ENABLE_TESTABILITY = YES;
				GCC_C_LANGUAGE_STANDARD = gnu99;
				GCC_DYNAMIC_NO_PIC = NO;
				GCC_NO_COMMON_BLOCKS = YES;
				GCC_OPTIMIZATION_LEVEL = 0;
				GCC_PREPROCESSOR_DEFINITIONS = (
					"DEBUG=1",
					"$(inherited)",
				);
				GCC_WARN_64_TO_32_BIT_CONVERSION = YES;
				GCC_WARN_ABOUT_RETURN_TYPE = YES_ERROR;
				GCC_WARN_UNDECLARED_SELECTOR = YES;
				GCC_WARN_UNINITIALIZED_AUTOS = YES_AGGRESSIVE;
				GCC_WARN_UNUSED_FUNCTION = YES;
				GCC_WARN_UNUSED_VARIABLE = YES;
				MACOSX_DEPLOYMENT_TARGET = 10.11;
				MTL_ENABLE_DEBUG_INFO = YES;
				ONLY_ACTIVE_ARCH = YES;
				SDKROOT = macosx;
			};
			name = Debug;
		};
		6AE7873C1DDEA7B800ADE470 /* Release */ = {
			isa = XCBuildConfiguration;
			buildSettings = {
				ALWAYS_SEARCH_USER_PATHS = NO;
				CLANG_ANALYZER_NONNULL = YES;
				CLANG_CXX_LANGUAGE_STANDARD = "gnu++0x";
				CLANG_CXX_LIBRARY = "libc++";
				CLANG_ENABLE_MODULES = YES;
				CLANG_ENABLE_OBJC_ARC = YES;
				CLANG_WARN_BOOL_CONVERSION = YES;
				CLANG_WARN_CONSTANT_CONVERSION = YES;
				CLANG_WARN_DIRECT_OBJC_ISA_USAGE = YES_ERROR;
				CLANG_WARN_DOCUMENTATION_COMMENTS = YES;
				CLANG_WARN_EMPTY_BODY = YES;
				CLANG_WARN_ENUM_CONVERSION = YES;
				CLANG_WARN_INFINITE_RECURSION = YES;
				CLANG_WARN_INT_CONVERSION = YES;
				CLANG_WARN_OBJC_ROOT_CLASS = YES_ERROR;
				CLANG_WARN_SUSPICIOUS_MOVES = YES;
				CLANG_WARN_UNREACHABLE_CODE = YES;
				CLANG_WARN__DUPLICATE_METHOD_MATCH = YES;
				CODE_SIGN_IDENTITY = "-";
				COPY_PHASE_STRIP = NO;
				DEBUG_INFORMATION_FORMAT = "dwarf-with-dsym";
				ENABLE_NS_ASSERTIONS = NO;
				ENABLE_STRICT_OBJC_MSGSEND = YES;
				GCC_C_LANGUAGE_STANDARD = gnu99;
				GCC_NO_COMMON_BLOCKS = YES;
				GCC_WARN_64_TO_32_BIT_CONVERSION = YES;
				GCC_WARN_ABOUT_RETURN_TYPE = YES_ERROR;
				GCC_WARN_UNDECLARED_SELECTOR = YES;
				GCC_WARN_UNINITIALIZED_AUTOS = YES_AGGRESSIVE;
				GCC_WARN_UNUSED_FUNCTION = YES;
				GCC_WARN_UNUSED_VARIABLE = YES;
				MACOSX_DEPLOYMENT_TARGET = 10.11;
				MTL_ENABLE_DEBUG_INFO = NO;
				SDKROOT = macosx;
			};
			name = Release;
		};
		6AE7873E1DDEA7B800ADE470 /* Debug */ = {
			isa = XCBuildConfiguration;
			buildSettings = {
				PRODUCT_NAME = "$(TARGET_NAME)";
			};
			name = Debug;
		};
		6AE7873F1DDEA7B800ADE470 /* Release */ = {
			isa = XCBuildConfiguration;
			buildSettings = {
				PRODUCT_NAME = "$(TARGET_NAME)";
			};
			name = Release;
		};
/* End XCBuildConfiguration section */

/* Begin XCConfigurationList section */
		6AE787311DDEA7B800ADE470 /* Build configuration list for PBXProject "NTScenicSystem" */ = {
			isa = XCConfigurationList;
			buildConfigurations = (
				6AE7873B1DDEA7B800ADE470 /* Debug */,
				6AE7873C1DDEA7B800ADE470 /* Release */,
			);
			defaultConfigurationIsVisible = 0;
			defaultConfigurationName = Release;
		};
		6AE7873D1DDEA7B800ADE470 /* Build configuration list for PBXNativeTarget "NTScenicSystem" */ = {
			isa = XCConfigurationList;
			buildConfigurations = (
				6AE7873E1DDEA7B800ADE470 /* Debug */,
				6AE7873F1DDEA7B800ADE470 /* Release */,
			);
			defaultConfigurationIsVisible = 0;
			defaultConfigurationName = Release;
		};
/* End XCConfigurationList section */
	};
	rootObject = 6AE7872E1DDEA7B800ADE470 /* Project object */;
}
